// !$*UTF8*$!
{
	archiveVersion = 1;
	classes = {
	};
	objectVersion = 50;
	objects = {

/* Begin PBXBuildFile section */
		33920E0224CDC9260004EE79 /* AboutView.swift in Sources */ = {isa = PBXBuildFile; fileRef = 33920E0124CDC9260004EE79 /* AboutView.swift */; };
		92B541D624C86FE60061B677 /* ContentView.swift in Sources */ = {isa = PBXBuildFile; fileRef = 92B541D524C86FE60061B677 /* ContentView.swift */; };
		92B76AEF24C1ADB300EDE1F3 /* AppDelegate.swift in Sources */ = {isa = PBXBuildFile; fileRef = 92B76AEE24C1ADB300EDE1F3 /* AppDelegate.swift */; };
		92B76AF124C1ADB300EDE1F3 /* SceneDelegate.swift in Sources */ = {isa = PBXBuildFile; fileRef = 92B76AF024C1ADB300EDE1F3 /* SceneDelegate.swift */; };
		92B76AF524C1ADB600EDE1F3 /* Assets.xcassets in Resources */ = {isa = PBXBuildFile; fileRef = 92B76AF424C1ADB600EDE1F3 /* Assets.xcassets */; };
		92B76AF824C1ADB600EDE1F3 /* Preview Assets.xcassets in Resources */ = {isa = PBXBuildFile; fileRef = 92B76AF724C1ADB600EDE1F3 /* Preview Assets.xcassets */; };
		92B76AFB24C1ADB600EDE1F3 /* LaunchScreen.storyboard in Resources */ = {isa = PBXBuildFile; fileRef = 92B76AF924C1ADB600EDE1F3 /* LaunchScreen.storyboard */; };
/* End PBXBuildFile section */

/* Begin PBXFileReference section */
		33920E0124CDC9260004EE79 /* AboutView.swift */ = {isa = PBXFileReference; lastKnownFileType = sourcecode.swift; path = AboutView.swift; sourceTree = "<group>"; };
		92B541D524C86FE60061B677 /* ContentView.swift */ = {isa = PBXFileReference; fileEncoding = 4; lastKnownFileType = sourcecode.swift; path = ContentView.swift; sourceTree = "<group>"; };
		92B76AEB24C1ADB300EDE1F3 /* Bullseye🎯.app */ = {isa = PBXFileReference; explicitFileType = wrapper.application; includeInIndex = 0; path = "Bullseye🎯.app"; sourceTree = BUILT_PRODUCTS_DIR; };
		92B76AEE24C1ADB300EDE1F3 /* AppDelegate.swift */ = {isa = PBXFileReference; lastKnownFileType = sourcecode.swift; path = AppDelegate.swift; sourceTree = "<group>"; };
		92B76AF024C1ADB300EDE1F3 /* SceneDelegate.swift */ = {isa = PBXFileReference; lastKnownFileType = sourcecode.swift; path = SceneDelegate.swift; sourceTree = "<group>"; };
		92B76AF424C1ADB600EDE1F3 /* Assets.xcassets */ = {isa = PBXFileReference; lastKnownFileType = folder.assetcatalog; path = Assets.xcassets; sourceTree = "<group>"; };
		92B76AF724C1ADB600EDE1F3 /* Preview Assets.xcassets */ = {isa = PBXFileReference; lastKnownFileType = folder.assetcatalog; path = "Preview Assets.xcassets"; sourceTree = "<group>"; };
		92B76AFA24C1ADB600EDE1F3 /* Base */ = {isa = PBXFileReference; lastKnownFileType = file.storyboard; name = Base; path = Base.lproj/LaunchScreen.storyboard; sourceTree = "<group>"; };
		92B76AFC24C1ADB600EDE1F3 /* Info.plist */ = {isa = PBXFileReference; lastKnownFileType = text.plist.xml; path = Info.plist; sourceTree = "<group>"; };
/* End PBXFileReference section */

/* Begin PBXFrameworksBuildPhase section */
		92B76AE824C1ADB300EDE1F3 /* Frameworks */ = {
			isa = PBXFrameworksBuildPhase;
			buildActionMask = 2147483647;
			files = (
			);
			runOnlyForDeploymentPostprocessing = 0;
		};
/* End PBXFrameworksBuildPhase section */

/* Begin PBXGroup section */
		92B76AE224C1ADB300EDE1F3 = {
			isa = PBXGroup;
			children = (
				92B76AED24C1ADB300EDE1F3 /* Bullseye */,
				92B76AEC24C1ADB300EDE1F3 /* Products */,
			);
			sourceTree = "<group>";
		};
		92B76AEC24C1ADB300EDE1F3 /* Products */ = {
			isa = PBXGroup;
			children = (
				92B76AEB24C1ADB300EDE1F3 /* Bullseye🎯.app */,
			);
			name = Products;
			sourceTree = "<group>";
		};
		92B76AED24C1ADB300EDE1F3 /* Bullseye */ = {
			isa = PBXGroup;
			children = (
				92B76AEE24C1ADB300EDE1F3 /* AppDelegate.swift */,
				92B76AF024C1ADB300EDE1F3 /* SceneDelegate.swift */,
				92B541D524C86FE60061B677 /* ContentView.swift */,
				33920E0124CDC9260004EE79 /* AboutView.swift */,
				92B76AF424C1ADB600EDE1F3 /* Assets.xcassets */,
				92B76AF924C1ADB600EDE1F3 /* LaunchScreen.storyboard */,
				92B76AFC24C1ADB600EDE1F3 /* Info.plist */,
				92B76AF624C1ADB600EDE1F3 /* Preview Content */,
			);
			path = Bullseye;
			sourceTree = "<group>";
		};
		92B76AF624C1ADB600EDE1F3 /* Preview Content */ = {
			isa = PBXGroup;
			children = (
				92B76AF724C1ADB600EDE1F3 /* Preview Assets.xcassets */,
			);
			path = "Preview Content";
			sourceTree = "<group>";
		};
/* End PBXGroup section */

/* Begin PBXNativeTarget section */
		92B76AEA24C1ADB300EDE1F3 /* Bullseye */ = {
			isa = PBXNativeTarget;
			buildConfigurationList = 92B76AFF24C1ADB600EDE1F3 /* Build configuration list for PBXNativeTarget "Bullseye" */;
			buildPhases = (
				92B76AE724C1ADB300EDE1F3 /* Sources */,
				92B76AE824C1ADB300EDE1F3 /* Frameworks */,
				92B76AE924C1ADB300EDE1F3 /* Resources */,
			);
			buildRules = (
			);
			dependencies = (
			);
			name = Bullseye;
			productName = Bullseye;
			productReference = 92B76AEB24C1ADB300EDE1F3 /* Bullseye🎯.app */;
			productType = "com.apple.product-type.application";
		};
/* End PBXNativeTarget section */

/* Begin PBXProject section */
		92B76AE324C1ADB300EDE1F3 /* Project object */ = {
			isa = PBXProject;
			attributes = {
				LastSwiftUpdateCheck = 1130;
				LastUpgradeCheck = 1130;
				ORGANIZATIONNAME = DenisSuspicin;
				TargetAttributes = {
					92B76AEA24C1ADB300EDE1F3 = {
						CreatedOnToolsVersion = 11.3.1;
					};
				};
			};
			buildConfigurationList = 92B76AE624C1ADB300EDE1F3 /* Build configuration list for PBXProject "Bullseye" */;
			compatibilityVersion = "Xcode 9.3";
			developmentRegion = en;
			hasScannedForEncodings = 0;
			knownRegions = (
				en,
				Base,
			);
			mainGroup = 92B76AE224C1ADB300EDE1F3;
			productRefGroup = 92B76AEC24C1ADB300EDE1F3 /* Products */;
			projectDirPath = "";
			projectRoot = "";
			targets = (
				92B76AEA24C1ADB300EDE1F3 /* Bullseye */,
			);
		};
/* End PBXProject section */

/* Begin PBXResourcesBuildPhase section */
		92B76AE924C1ADB300EDE1F3 /* Resources */ = {
			isa = PBXResourcesBuildPhase;
			buildActionMask = 2147483647;
			files = (
				92B76AFB24C1ADB600EDE1F3 /* LaunchScreen.storyboard in Resources */,
				92B76AF824C1ADB600EDE1F3 /* Preview Assets.xcassets in Resources */,
				92B76AF524C1ADB600EDE1F3 /* Assets.xcassets in Resources */,
			);
			runOnlyForDeploymentPostprocessing = 0;
		};
/* End PBXResourcesBuildPhase section */

/* Begin PBXSourcesBuildPhase section */
		92B76AE724C1ADB300EDE1F3 /* Sources */ = {
			isa = PBXSourcesBuildPhase;
			buildActionMask = 2147483647;
			files = (
				33920E0224CDC9260004EE79 /* AboutView.swift in Sources */,
				92B76AEF24C1ADB300EDE1F3 /* AppDelegate.swift in Sources */,
				92B76AF124C1ADB300EDE1F3 /* SceneDelegate.swift in Sources */,
				92B541D624C86FE60061B677 /* ContentView.swift in Sources */,
			);
			runOnlyForDeploymentPostprocessing = 0;
		};
/* End PBXSourcesBuildPhase section */

/* Begin PBXVariantGroup section */
		92B76AF924C1ADB600EDE1F3 /* LaunchScreen.storyboard */ = {
			isa = PBXVariantGroup;
			children = (
				92B76AFA24C1ADB600EDE1F3 /* Base */,
			);
			name = LaunchScreen.storyboard;
			sourceTree = "<group>";
		};
/* End PBXVariantGroup section */

/* Begin XCBuildConfiguration section */
		92B76AFD24C1ADB600EDE1F3 /* Debug */ = {
			isa = XCBuildConfiguration;
			buildSettings = {
				ALWAYS_SEARCH_USER_PATHS = NO;
				CLANG_ANALYZER_NONNULL = YES;
				CLANG_ANALYZER_NUMBER_OBJECT_CONVERSION = YES_AGGRESSIVE;
				CLANG_CXX_LANGUAGE_STANDARD = "gnu++14";
				CLANG_CXX_LIBRARY = "libc++";
				CLANG_ENABLE_MODULES = YES;
				CLANG_ENABLE_OBJC_ARC = YES;
				CLANG_ENABLE_OBJC_WEAK = YES;
				CLANG_WARN_BLOCK_CAPTURE_AUTORELEASING = YES;
				CLANG_WARN_BOOL_CONVERSION = YES;
				CLANG_WARN_COMMA = YES;
				CLANG_WARN_CONSTANT_CONVERSION = YES;
				CLANG_WARN_DEPRECATED_OBJC_IMPLEMENTATIONS = YES;
				CLANG_WARN_DIRECT_OBJC_ISA_USAGE = YES_ERROR;
				CLANG_WARN_DOCUMENTATION_COMMENTS = YES;
				CLANG_WARN_EMPTY_BODY = YES;
				CLANG_WARN_ENUM_CONVERSION = YES;
				CLANG_WARN_INFINITE_RECURSION = YES;
				CLANG_WARN_INT_CONVERSION = YES;
				CLANG_WARN_NON_LITERAL_NULL_CONVERSION = YES;
				CLANG_WARN_OBJC_IMPLICIT_RETAIN_SELF = YES;
				CLANG_WARN_OBJC_LITERAL_CONVERSION = YES;
				CLANG_WARN_OBJC_ROOT_CLASS = YES_ERROR;
				CLANG_WARN_RANGE_LOOP_ANALYSIS = YES;
				CLANG_WARN_STRICT_PROTOTYPES = YES;
				CLANG_WARN_SUSPICIOUS_MOVE = YES;
				CLANG_WARN_UNGUARDED_AVAILABILITY = YES_AGGRESSIVE;
				CLANG_WARN_UNREACHABLE_CODE = YES;
				CLANG_WARN__DUPLICATE_METHOD_MATCH = YES;
				COPY_PHASE_STRIP = NO;
				DEBUG_INFORMATION_FORMAT = dwarf;
				ENABLE_STRICT_OBJC_MSGSEND = YES;
				ENABLE_TESTABILITY = YES;
				GCC_C_LANGUAGE_STANDARD = gnu11;
				GCC_DYNAMIC_NO_PIC = NO;
				GCC_NO_COMMON_BLOCKS = YES;
				GCC_OPTIMIZATION_LEVEL = 0;
				GCC_PREPROCESSOR_DEFINITIONS = (
					"DEBUG=1",
					"$(inherited)",
				);
				GCC_WARN_64_TO_32_BIT_CONVERSION = YES;
				GCC_WARN_ABOUT_RETURN_TYPE = YES_ERROR;
				GCC_WARN_UNDECLARED_SELECTOR = YES;
				GCC_WARN_UNINITIALIZED_AUTOS = YES_AGGRESSIVE;
				GCC_WARN_UNUSED_FUNCTION = YES;
				GCC_WARN_UNUSED_VARIABLE = YES;
				IPHONEOS_DEPLOYMENT_TARGET = 13.2;
				MTL_ENABLE_DEBUG_INFO = INCLUDE_SOURCE;
				MTL_FAST_MATH = YES;
				ONLY_ACTIVE_ARCH = YES;
				SDKROOT = iphoneos;
				SWIFT_ACTIVE_COMPILATION_CONDITIONS = DEBUG;
				SWIFT_OPTIMIZATION_LEVEL = "-Onone";
			};
			name = Debug;
		};
		92B76AFE24C1ADB600EDE1F3 /* Release */ = {
			isa = XCBuildConfiguration;
			buildSettings = {
				ALWAYS_SEARCH_USER_PATHS = NO;
				CLANG_ANALYZER_NONNULL = YES;
				CLANG_ANALYZER_NUMBER_OBJECT_CONVERSION = YES_AGGRESSIVE;
				CLANG_CXX_LANGUAGE_STANDARD = "gnu++14";
				CLANG_CXX_LIBRARY = "libc++";
				CLANG_ENABLE_MODULES = YES;
				CLANG_ENABLE_OBJC_ARC = YES;
				CLANG_ENABLE_OBJC_WEAK = YES;
				CLANG_WARN_BLOCK_CAPTURE_AUTORELEASING = YES;
				CLANG_WARN_BOOL_CONVERSION = YES;
				CLANG_WARN_COMMA = YES;
				CLANG_WARN_CONSTANT_CONVERSION = YES;
				CLANG_WARN_DEPRECATED_OBJC_IMPLEMENTATIONS = YES;
				CLANG_WARN_DIRECT_OBJC_ISA_USAGE = YES_ERROR;
				CLANG_WARN_DOCUMENTATION_COMMENTS = YES;
				CLANG_WARN_EMPTY_BODY = YES;
				CLANG_WARN_ENUM_CONVERSION = YES;
				CLANG_WARN_INFINITE_RECURSION = YES;
				CLANG_WARN_INT_CONVERSION = YES;
				CLANG_WARN_NON_LITERAL_NULL_CONVERSION = YES;
				CLANG_WARN_OBJC_IMPLICIT_RETAIN_SELF = YES;
				CLANG_WARN_OBJC_LITERAL_CONVERSION = YES;
				CLANG_WARN_OBJC_ROOT_CLASS = YES_ERROR;
				CLANG_WARN_RANGE_LOOP_ANALYSIS = YES;
				CLANG_WARN_STRICT_PROTOTYPES = YES;
				CLANG_WARN_SUSPICIOUS_MOVE = YES;
				CLANG_WARN_UNGUARDED_AVAILABILITY = YES_AGGRESSIVE;
				CLANG_WARN_UNREACHABLE_CODE = YES;
				CLANG_WARN__DUPLICATE_METHOD_MATCH = YES;
				COPY_PHASE_STRIP = NO;
				DEBUG_INFORMATION_FORMAT = "dwarf-with-dsym";
				ENABLE_NS_ASSERTIONS = NO;
				ENABLE_STRICT_OBJC_MSGSEND = YES;
				GCC_C_LANGUAGE_STANDARD = gnu11;
				GCC_NO_COMMON_BLOCKS = YES;
				GCC_WARN_64_TO_32_BIT_CONVERSION = YES;
				GCC_WARN_ABOUT_RETURN_TYPE = YES_ERROR;
				GCC_WARN_UNDECLARED_SELECTOR = YES;
				GCC_WARN_UNINITIALIZED_AUTOS = YES_AGGRESSIVE;
				GCC_WARN_UNUSED_FUNCTION = YES;
				GCC_WARN_UNUSED_VARIABLE = YES;
				IPHONEOS_DEPLOYMENT_TARGET = 13.2;
				MTL_ENABLE_DEBUG_INFO = NO;
				MTL_FAST_MATH = YES;
				SDKROOT = iphoneos;
				SWIFT_COMPILATION_MODE = wholemodule;
				SWIFT_OPTIMIZATION_LEVEL = "-O";
				VALIDATE_PRODUCT = YES;
			};
			name = Release;
		};
		92B76B0024C1ADB600EDE1F3 /* Debug */ = {
			isa = XCBuildConfiguration;
			buildSettings = {
				ASSETCATALOG_COMPILER_APPICON_NAME = AppIcon;
				CODE_SIGN_STYLE = Automatic;
				DEVELOPMENT_ASSET_PATHS = "\"Bullseye/Preview Content\"";
				DEVELOPMENT_TEAM = 9P44DJCU6P;
				ENABLE_PREVIEWS = YES;
				INFOPLIST_FILE = Bullseye/Info.plist;
				LD_RUNPATH_SEARCH_PATHS = (
					"$(inherited)",
					"@executable_path/Frameworks",
				);
				PRODUCT_BUNDLE_IDENTIFIER = com.denissuspicin.Bullseye;
				PRODUCT_NAME = "Bullseye🎯";
				SWIFT_VERSION = 5.0;
				TARGETED_DEVICE_FAMILY = "1,2";
			};
			name = Debug;
		};
		92B76B0124C1ADB600EDE1F3 /* Release */ = {
			isa = XCBuildConfiguration;
			buildSettings = {
				ASSETCATALOG_COMPILER_APPICON_NAME = AppIcon;
				CODE_SIGN_STYLE = Automatic;
				DEVELOPMENT_ASSET_PATHS = "\"Bullseye/Preview Content\"";
				DEVELOPMENT_TEAM = 9P44DJCU6P;
				ENABLE_PREVIEWS = YES;
				INFOPLIST_FILE = Bullseye/Info.plist;
				LD_RUNPATH_SEARCH_PATHS = (
					"$(inherited)",
					"@executable_path/Frameworks",
				);
				PRODUCT_BUNDLE_IDENTIFIER = com.denissuspicin.Bullseye;
				PRODUCT_NAME = "Bullseye🎯";
				SWIFT_VERSION = 5.0;
				TARGETED_DEVICE_FAMILY = "1,2";
			};
			name = Release;
		};
/* End XCBuildConfiguration section */

/* Begin XCConfigurationList section */
		92B76AE624C1ADB300EDE1F3 /* Build configuration list for PBXProject "Bullseye" */ = {
			isa = XCConfigurationList;
			buildConfigurations = (
				92B76AFD24C1ADB600EDE1F3 /* Debug */,
				92B76AFE24C1ADB600EDE1F3 /* Release */,
			);
			defaultConfigurationIsVisible = 0;
			defaultConfigurationName = Release;
		};
		92B76AFF24C1ADB600EDE1F3 /* Build configuration list for PBXNativeTarget "Bullseye" */ = {
			isa = XCConfigurationList;
			buildConfigurations = (
				92B76B0024C1ADB600EDE1F3 /* Debug */,
				92B76B0124C1ADB600EDE1F3 /* Release */,
			);
			defaultConfigurationIsVisible = 0;
			defaultConfigurationName = Release;
		};
/* End XCConfigurationList section */
	};
	rootObject = 92B76AE324C1ADB300EDE1F3 /* Project object */;
}
